{
  "name": "ts-hot-reload",
  "version": "1.0.0",
  "lockfileVersion": 2,
  "requires": true,
  "packages": {
    "": {
      "version": "1.0.0",
      "hasInstallScript": true,
      "license": "MIT",
      "dependencies": {
        "tslib": "^2.1.0"
      },
      "devDependencies": {}
    },
    "node_modules/tslib": {
      "version": "2.1.0",
      "license": "0BSD"
    }
  },
  "dependencies": {
    "tslib": {
      "version": "2.1.0"
    }
  }
}
